
Microsoft Visual Studio Solution File, Format Version 12.00
# Visual Studio Version 16
VisualStudioVersion = 16.0.29920.165
MinimumVisualStudioVersion = 10.0.40219.1
Project("{FAE04EC0-301F-11D3-BF4B-00C04F79EFBC}") = "MainProject", "MainProject\MainProject.csproj", "{FAE7705B-29BF-4222-9AAB-F4881D148CEA}"
EndProject
Global
	GlobalSection(SolutionConfigurationPlatforms) = preSolution
		Debug|Any CPU = Debug|Any CPU
		Release|Any CPU = Release|Any CPU
	EndGlobalSection
	GlobalSection(ProjectConfigurationPlatforms) = postSolution
		{FAE7705B-29BF-4222-9AAB-F4881D148CEA}.Debug|Any CPU.ActiveCfg = Debug|Any CPU
		{FAE7705B-29BF-4222-9AAB-F4881D148CEA}.Debug|Any CPU.Build.0 = Debug|Any CPU
		{FAE7705B-29BF-4222-9AAB-F4881D148CEA}.Release|Any CPU.ActiveCfg = Release|Any CPU
		{FAE7705B-29BF-4222-9AAB-F4881D148CEA}.Release|Any CPU.Build.0 = Release|Any CPU
	EndGlobalSection
	GlobalSection(SolutionProperties) = preSolution
		HideSolutionNode = FALSE
	EndGlobalSection
	GlobalSection(ExtensibilityGlobals) = postSolution
		SolutionGuid = {1F05EFCD-8657-4F44-9ED2-D5C1319A0C1F}
	EndGlobalSection
EndGlobal
